# This file is automatically @generated by Cargo.
# It is not intended for manual editing.
version = 4

[[package]]
name = "forge"
version = "0.1.0"
dependencies = [
 "thermite-lower",
 "thermite-skill",
 "thermite-spec",
 "thermite-syntax",
]

[[package]]
name = "thermite-lower"
version = "0.1.0"
dependencies = [
 "thermite-spec",
 "thermite-syntax",
]

[[package]]
name = "thermite-skill"
version = "0.1.0"
dependencies = [
 "thermite-spec",
 "thermite-syntax",
]

[[package]]
name = "thermite-spec"
version = "0.1.0"
dependencies = [
 "thermite-syntax",
]

[[package]]
name = "thermite-syntax"
version = "0.1.0"
